
Microsoft Visual Studio Solution File, Format Version 12.00
# Visual Studio Version 17
VisualStudioVersion = 17.11.35222.181
MinimumVisualStudioVersion = 10.0.40219.1
Project("{FAE04EC0-301F-11D3-BF4B-00C04F79EFBC}") = "WpfBlazorHybridDotNet8", "WpfBlazorHybridDotNet8\WpfBlazorHybridDotNet8.csproj", "{A07D6A73-7D66-4779-B3C8-B76512853187}"
EndProject
Global
	GlobalSection(SolutionConfigurationPlatforms) = preSolution
		Debug|Any CPU = Debug|Any CPU
		Release|Any CPU = Release|Any CPU
	EndGlobalSection
	GlobalSection(ProjectConfigurationPlatforms) = postSolution
		{A07D6A73-7D66-4779-B3C8-B76512853187}.Debug|Any CPU.ActiveCfg = Debug|Any CPU
		{A07D6A73-7D66-4779-B3C8-B76512853187}.Debug|Any CPU.Build.0 = Debug|Any CPU
		{A07D6A73-7D66-4779-B3C8-B76512853187}.Release|Any CPU.ActiveCfg = Release|Any CPU
		{A07D6A73-7D66-4779-B3C8-B76512853187}.Release|Any CPU.Build.0 = Release|Any CPU
	EndGlobalSection
	GlobalSection(SolutionProperties) = preSolution
		HideSolutionNode = FALSE
	EndGlobalSection
	GlobalSection(ExtensibilityGlobals) = postSolution
		SolutionGuid = {FCD628ED-42C3-4397-8790-8120F35ECE40}
	EndGlobalSection
EndGlobal
